
Microsoft Visual Studio Solution File, Format Version 12.00
# Visual Studio Version 17
VisualStudioVersion = 17.11.35303.130
MinimumVisualStudioVersion = 10.0.40219.1
Project("{FAE04EC0-301F-11D3-BF4B-00C04F79EFBC}") = "CompraVenta", "CompraVenta.csproj", "{F75CF254-D7DD-442D-806C-5D33ACB01582}"
EndProject
Global
	GlobalSection(SolutionConfigurationPlatforms) = preSolution
		Debug|Any CPU = Debug|Any CPU
		Release|Any CPU = Release|Any CPU
	EndGlobalSection
	GlobalSection(ProjectConfigurationPlatforms) = postSolution
		{F75CF254-D7DD-442D-806C-5D33ACB01582}.Debug|Any CPU.ActiveCfg = Debug|Any CPU
		{F75CF254-D7DD-442D-806C-5D33ACB01582}.Debug|Any CPU.Build.0 = Debug|Any CPU
		{F75CF254-D7DD-442D-806C-5D33ACB01582}.Release|Any CPU.ActiveCfg = Release|Any CPU
		{F75CF254-D7DD-442D-806C-5D33ACB01582}.Release|Any CPU.Build.0 = Release|Any CPU
	EndGlobalSection
	GlobalSection(SolutionProperties) = preSolution
		HideSolutionNode = FALSE
	EndGlobalSection
	GlobalSection(ExtensibilityGlobals) = postSolution
		SolutionGuid = {12273CCE-1A87-47CA-B9C6-4D60CF4392AA}
	EndGlobalSection
EndGlobal
